
Microsoft Visual Studio Solution File, Format Version 12.00
# Visual Studio Version 16
VisualStudioVersion = 16.0.32126.315
MinimumVisualStudioVersion = 10.0.40219.1
Project("{FAE04EC0-301F-11D3-BF4B-00C04F79EFBC}") = "LoovenessPlayer", "LoovenessPlayer\LoovenessPlayer.csproj", "{1F53ADEC-04C4-498A-8EE3-468DE48E25DC}"
EndProject
Global
	GlobalSection(SolutionConfigurationPlatforms) = preSolution
		Debug|Any CPU = Debug|Any CPU
		Release|Any CPU = Release|Any CPU
	EndGlobalSection
	GlobalSection(ProjectConfigurationPlatforms) = postSolution
		{1F53ADEC-04C4-498A-8EE3-468DE48E25DC}.Debug|Any CPU.ActiveCfg = Debug|Any CPU
		{1F53ADEC-04C4-498A-8EE3-468DE48E25DC}.Debug|Any CPU.Build.0 = Debug|Any CPU
		{1F53ADEC-04C4-498A-8EE3-468DE48E25DC}.Release|Any CPU.ActiveCfg = Release|Any CPU
		{1F53ADEC-04C4-498A-8EE3-468DE48E25DC}.Release|Any CPU.Build.0 = Release|Any CPU
	EndGlobalSection
	GlobalSection(SolutionProperties) = preSolution
		HideSolutionNode = FALSE
	EndGlobalSection
	GlobalSection(ExtensibilityGlobals) = postSolution
		SolutionGuid = {01D072BB-2896-4791-9734-CA423335394D}
	EndGlobalSection
EndGlobal
